
Microsoft Visual Studio Solution File, Format Version 12.00
# Visual Studio Version 17
VisualStudioVersion = 17.13.35931.197 d17.13
MinimumVisualStudioVersion = 10.0.40219.1
Project("{FAE04EC0-301F-11D3-BF4B-00C04F79EFBC}") = "VotaE-BDD", "VotaE-BDD.csproj", "{356645E3-6241-4156-B088-A8E1076F7F4F}"
EndProject
Global
	GlobalSection(SolutionConfigurationPlatforms) = preSolution
		Debug|Any CPU = Debug|Any CPU
		Release|Any CPU = Release|Any CPU
	EndGlobalSection
	GlobalSection(ProjectConfigurationPlatforms) = postSolution
		{356645E3-6241-4156-B088-A8E1076F7F4F}.Debug|Any CPU.ActiveCfg = Debug|Any CPU
		{356645E3-6241-4156-B088-A8E1076F7F4F}.Debug|Any CPU.Build.0 = Debug|Any CPU
		{356645E3-6241-4156-B088-A8E1076F7F4F}.Release|Any CPU.ActiveCfg = Release|Any CPU
		{356645E3-6241-4156-B088-A8E1076F7F4F}.Release|Any CPU.Build.0 = Release|Any CPU
	EndGlobalSection
	GlobalSection(SolutionProperties) = preSolution
		HideSolutionNode = FALSE
	EndGlobalSection
	GlobalSection(ExtensibilityGlobals) = postSolution
		SolutionGuid = {D8B47863-BDA0-46F6-AA6A-48DD0707DAA3}
	EndGlobalSection
EndGlobal
